{
  "name": "persistencia",
  "version": "1.0.0",
  "lockfileVersion": 3,
  "requires": true,
  "packages": {
    "": {
      "name": "persistencia",
      "version": "1.0.0",
      "license": "ISC",
      "dependencies": {
        "persistencia": "file:"
      }
    },
    "node_modules/persistencia": {
      "resolved": "",
      "link": true
    }
  }
}
